
Microsoft Visual Studio Solution File, Format Version 12.00
# Visual Studio Version 16
VisualStudioVersion = 16.0.31402.337
MinimumVisualStudioVersion = 10.0.40219.1
Project("{FAE04EC0-301F-11D3-BF4B-00C04F79EFBC}") = "DecimalChecker", "DecimalChecker\DecimalChecker.csproj", "{9E527B03-3DF5-464F-8023-15DBF98571DA}"
EndProject
Global
	GlobalSection(SolutionConfigurationPlatforms) = preSolution
		Debug|Any CPU = Debug|Any CPU
		Release|Any CPU = Release|Any CPU
	EndGlobalSection
	GlobalSection(ProjectConfigurationPlatforms) = postSolution
		{9E527B03-3DF5-464F-8023-15DBF98571DA}.Debug|Any CPU.ActiveCfg = Debug|Any CPU
		{9E527B03-3DF5-464F-8023-15DBF98571DA}.Debug|Any CPU.Build.0 = Debug|Any CPU
		{9E527B03-3DF5-464F-8023-15DBF98571DA}.Release|Any CPU.ActiveCfg = Release|Any CPU
		{9E527B03-3DF5-464F-8023-15DBF98571DA}.Release|Any CPU.Build.0 = Release|Any CPU
	EndGlobalSection
	GlobalSection(SolutionProperties) = preSolution
		HideSolutionNode = FALSE
	EndGlobalSection
	GlobalSection(ExtensibilityGlobals) = postSolution
		SolutionGuid = {A03F130A-C71E-4564-B361-47EA84244A2D}
	EndGlobalSection
EndGlobal
